
Microsoft Visual Studio Solution File, Format Version 11.00
# Visual Studio 2010
Project("{FAE04EC0-301F-11D3-BF4B-00C04F79EFBC}") = "Yannic.Coroutines", "Yannic.Coroutines.csproj", "{C69BEF96-C61B-47B1-AA8F-23CAE1A36E2B}"
EndProject
Project("{FAE04EC0-301F-11D3-BF4B-00C04F79EFBC}") = "Yannic.Coroutines.Test", "Yannic.Coroutines.Test\Yannic.Coroutines.Test.csproj", "{CC72FFA2-0E6C-41A4-A9FA-089FD0D126EF}"
EndProject
Global
	GlobalSection(SolutionConfigurationPlatforms) = preSolution
		Debug|Any CPU = Debug|Any CPU
		Release|Any CPU = Release|Any CPU
	EndGlobalSection
	GlobalSection(ProjectConfigurationPlatforms) = postSolution
		{C69BEF96-C61B-47B1-AA8F-23CAE1A36E2B}.Debug|Any CPU.ActiveCfg = Debug|Any CPU
		{C69BEF96-C61B-47B1-AA8F-23CAE1A36E2B}.Debug|Any CPU.Build.0 = Debug|Any CPU
		{C69BEF96-C61B-47B1-AA8F-23CAE1A36E2B}.Release|Any CPU.ActiveCfg = Release|Any CPU
		{C69BEF96-C61B-47B1-AA8F-23CAE1A36E2B}.Release|Any CPU.Build.0 = Release|Any CPU
		{CC72FFA2-0E6C-41A4-A9FA-089FD0D126EF}.Debug|Any CPU.ActiveCfg = Debug|Any CPU
		{CC72FFA2-0E6C-41A4-A9FA-089FD0D126EF}.Debug|Any CPU.Build.0 = Debug|Any CPU
		{CC72FFA2-0E6C-41A4-A9FA-089FD0D126EF}.Release|Any CPU.ActiveCfg = Release|Any CPU
		{CC72FFA2-0E6C-41A4-A9FA-089FD0D126EF}.Release|Any CPU.Build.0 = Release|Any CPU
	EndGlobalSection
EndGlobal
